{
  "name": "newtelco-maintenance-management",
  "version": "0.8.0",
  "lockfileVersion": 1,
  "requires": true,
  "dependencies": {
    "contentful-webhook-listener": {
      "version": "1.0.2",
      "resolved": "https://registry.npmjs.org/contentful-webhook-listener/-/contentful-webhook-listener-1.0.2.tgz",
      "integrity": "sha1-bxV1Q79V0L4jqgYtFiGLD7wqF7o="
    }
  }
}
